
Microsoft Visual Studio Solution File, Format Version 12.00
# Visual Studio Version 16
VisualStudioVersion = 16.0.29326.143
MinimumVisualStudioVersion = 10.0.40219.1
Project("{9A19103F-16F7-4668-BE54-9A1E7A4F7556}") = "Hexado.Web", "Hexado.Web\Hexado.Web.csproj", "{D2500596-7E9C-40FE-A42E-518FF730889B}"
EndProject
Project("{9A19103F-16F7-4668-BE54-9A1E7A4F7556}") = "Hexado.Db", "Hexado.Db\Hexado.Db.csproj", "{7BDD2657-5B1A-48D7-99BE-01F32F245773}"
EndProject
Project("{9A19103F-16F7-4668-BE54-9A1E7A4F7556}") = "Hexado.Core", "Hexado.Core\Hexado.Core.csproj", "{E1D4431F-FB32-4CDB-895C-C651F9FA41FD}"
EndProject
Project("{2150E333-8FDC-42A3-9474-1A3956D46DE8}") = "Documents", "Documents", "{482D052F-E903-4AC2-95A6-22E78178A4AE}"
	ProjectSection(SolutionItems) = preProject
		Migration.txt = Migration.txt
	EndProjectSection
EndProject
Project("{2150E333-8FDC-42A3-9474-1A3956D46DE8}") = "Tests", "Tests", "{BF8B1194-426F-4021-8DEB-74EA34BB195D}"
EndProject
Project("{FAE04EC0-301F-11D3-BF4B-00C04F79EFBC}") = "Hexado.Speczilla", "Hexado.Speczilla\Hexado.Speczilla.csproj", "{911B5E37-428E-4C77-934C-95AB2807D274}"
EndProject
Project("{FAE04EC0-301F-11D3-BF4B-00C04F79EFBC}") = "Hexado.Speczilla.Tests", "Hexado.Speczilla.Tests\Hexado.Speczilla.Tests.csproj", "{2C8B94BA-B773-487E-936F-380ACA1F4A1A}"
EndProject
Global
	GlobalSection(SolutionConfigurationPlatforms) = preSolution
		Debug|Any CPU = Debug|Any CPU
		Release|Any CPU = Release|Any CPU
	EndGlobalSection
	GlobalSection(ProjectConfigurationPlatforms) = postSolution
		{D2500596-7E9C-40FE-A42E-518FF730889B}.Debug|Any CPU.ActiveCfg = Debug|Any CPU
		{D2500596-7E9C-40FE-A42E-518FF730889B}.Debug|Any CPU.Build.0 = Debug|Any CPU
		{D2500596-7E9C-40FE-A42E-518FF730889B}.Release|Any CPU.ActiveCfg = Release|Any CPU
		{D2500596-7E9C-40FE-A42E-518FF730889B}.Release|Any CPU.Build.0 = Release|Any CPU
		{7BDD2657-5B1A-48D7-99BE-01F32F245773}.Debug|Any CPU.ActiveCfg = Debug|Any CPU
		{7BDD2657-5B1A-48D7-99BE-01F32F245773}.Debug|Any CPU.Build.0 = Debug|Any CPU
		{7BDD2657-5B1A-48D7-99BE-01F32F245773}.Release|Any CPU.ActiveCfg = Release|Any CPU
		{7BDD2657-5B1A-48D7-99BE-01F32F245773}.Release|Any CPU.Build.0 = Release|Any CPU
		{E1D4431F-FB32-4CDB-895C-C651F9FA41FD}.Debug|Any CPU.ActiveCfg = Debug|Any CPU
		{E1D4431F-FB32-4CDB-895C-C651F9FA41FD}.Debug|Any CPU.Build.0 = Debug|Any CPU
		{E1D4431F-FB32-4CDB-895C-C651F9FA41FD}.Release|Any CPU.ActiveCfg = Release|Any CPU
		{E1D4431F-FB32-4CDB-895C-C651F9FA41FD}.Release|Any CPU.Build.0 = Release|Any CPU
		{911B5E37-428E-4C77-934C-95AB2807D274}.Debug|Any CPU.ActiveCfg = Debug|Any CPU
		{911B5E37-428E-4C77-934C-95AB2807D274}.Debug|Any CPU.Build.0 = Debug|Any CPU
		{911B5E37-428E-4C77-934C-95AB2807D274}.Release|Any CPU.ActiveCfg = Release|Any CPU
		{911B5E37-428E-4C77-934C-95AB2807D274}.Release|Any CPU.Build.0 = Release|Any CPU
		{2C8B94BA-B773-487E-936F-380ACA1F4A1A}.Debug|Any CPU.ActiveCfg = Debug|Any CPU
		{2C8B94BA-B773-487E-936F-380ACA1F4A1A}.Debug|Any CPU.Build.0 = Debug|Any CPU
		{2C8B94BA-B773-487E-936F-380ACA1F4A1A}.Release|Any CPU.ActiveCfg = Release|Any CPU
		{2C8B94BA-B773-487E-936F-380ACA1F4A1A}.Release|Any CPU.Build.0 = Release|Any CPU
	EndGlobalSection
	GlobalSection(SolutionProperties) = preSolution
		HideSolutionNode = FALSE
	EndGlobalSection
	GlobalSection(NestedProjects) = preSolution
		{2C8B94BA-B773-487E-936F-380ACA1F4A1A} = {BF8B1194-426F-4021-8DEB-74EA34BB195D}
	EndGlobalSection
	GlobalSection(ExtensibilityGlobals) = postSolution
		SolutionGuid = {09180EE9-8EFC-48F1-BAD7-319FA3D04C64}
	EndGlobalSection
EndGlobal
