
Microsoft Visual Studio Solution File, Format Version 12.00
# Visual Studio Version 16
VisualStudioVersion = 16.0.29326.143
MinimumVisualStudioVersion = 10.0.40219.1
Project("{FAE04EC0-301F-11D3-BF4B-00C04F79EFBC}") = "Hexado.Web", "Hexado.Web\Hexado.Web.csproj", "{D2500596-7E9C-40FE-A42E-518FF730889B}"
EndProject
Project("{FAE04EC0-301F-11D3-BF4B-00C04F79EFBC}") = "Hexado.Db", "Hexado.Db\Hexado.Db.csproj", "{7BDD2657-5B1A-48D7-99BE-01F32F245773}"
EndProject
Project("{FAE04EC0-301F-11D3-BF4B-00C04F79EFBC}") = "Hexado.Core", "Hexado.Core\Hexado.Core.csproj", "{E1D4431F-FB32-4CDB-895C-C651F9FA41FD}"
EndProject
Project("{2150E333-8FDC-42A3-9474-1A3956D46DE8}") = "Documents", "Documents", "{482D052F-E903-4AC2-95A6-22E78178A4AE}"
	ProjectSection(SolutionItems) = preProject
		Migration.txt = Migration.txt
	EndProjectSection
EndProject
Global
	GlobalSection(SolutionConfigurationPlatforms) = preSolution
		Debug|Any CPU = Debug|Any CPU
		Release|Any CPU = Release|Any CPU
	EndGlobalSection
	GlobalSection(ProjectConfigurationPlatforms) = postSolution
		{D2500596-7E9C-40FE-A42E-518FF730889B}.Debug|Any CPU.ActiveCfg = Debug|Any CPU
		{D2500596-7E9C-40FE-A42E-518FF730889B}.Debug|Any CPU.Build.0 = Debug|Any CPU
		{D2500596-7E9C-40FE-A42E-518FF730889B}.Release|Any CPU.ActiveCfg = Release|Any CPU
		{D2500596-7E9C-40FE-A42E-518FF730889B}.Release|Any CPU.Build.0 = Release|Any CPU
		{7BDD2657-5B1A-48D7-99BE-01F32F245773}.Debug|Any CPU.ActiveCfg = Debug|Any CPU
		{7BDD2657-5B1A-48D7-99BE-01F32F245773}.Debug|Any CPU.Build.0 = Debug|Any CPU
		{7BDD2657-5B1A-48D7-99BE-01F32F245773}.Release|Any CPU.ActiveCfg = Release|Any CPU
		{7BDD2657-5B1A-48D7-99BE-01F32F245773}.Release|Any CPU.Build.0 = Release|Any CPU
		{E1D4431F-FB32-4CDB-895C-C651F9FA41FD}.Debug|Any CPU.ActiveCfg = Debug|Any CPU
		{E1D4431F-FB32-4CDB-895C-C651F9FA41FD}.Debug|Any CPU.Build.0 = Debug|Any CPU
		{E1D4431F-FB32-4CDB-895C-C651F9FA41FD}.Release|Any CPU.ActiveCfg = Release|Any CPU
		{E1D4431F-FB32-4CDB-895C-C651F9FA41FD}.Release|Any CPU.Build.0 = Release|Any CPU
	EndGlobalSection
	GlobalSection(SolutionProperties) = preSolution
		HideSolutionNode = FALSE
	EndGlobalSection
	GlobalSection(ExtensibilityGlobals) = postSolution
		SolutionGuid = {09180EE9-8EFC-48F1-BAD7-319FA3D04C64}
	EndGlobalSection
EndGlobal
